
Microsoft Visual Studio Solution File, Format Version 12.00
# Visual Studio Version 17
VisualStudioVersion = 17.9.34607.119
MinimumVisualStudioVersion = 10.0.40219.1
Project("{FAE04EC0-301F-11D3-BF4B-00C04F79EFBC}") = "Week6StringsAndArrays", "Week6StringsAndArrays\Week6StringsAndArrays.csproj", "{27245EC6-18F2-49D7-AEB7-7599C420A0F0}"
EndProject
Project("{FAE04EC0-301F-11D3-BF4B-00C04F79EFBC}") = "Array", "Array\Array.csproj", "{F53FE369-BC64-44FB-BCC3-3CDDD0B06260}"
EndProject
Project("{FAE04EC0-301F-11D3-BF4B-00C04F79EFBC}") = "RandomElement", "RandomElement\RandomElement.csproj", "{D2E47257-9D65-4540-8B69-B92CBAE6D4D0}"
EndProject
Project("{FAE04EC0-301F-11D3-BF4B-00C04F79EFBC}") = "NumberArrays", "NumberArrays\NumberArrays.csproj", "{CFD039BE-4C4F-44A2-90F4-CA1167031484}"
EndProject
Global
	GlobalSection(SolutionConfigurationPlatforms) = preSolution
		Debug|Any CPU = Debug|Any CPU
		Release|Any CPU = Release|Any CPU
	EndGlobalSection
	GlobalSection(ProjectConfigurationPlatforms) = postSolution
		{27245EC6-18F2-49D7-AEB7-7599C420A0F0}.Debug|Any CPU.ActiveCfg = Debug|Any CPU
		{27245EC6-18F2-49D7-AEB7-7599C420A0F0}.Debug|Any CPU.Build.0 = Debug|Any CPU
		{27245EC6-18F2-49D7-AEB7-7599C420A0F0}.Release|Any CPU.ActiveCfg = Release|Any CPU
		{27245EC6-18F2-49D7-AEB7-7599C420A0F0}.Release|Any CPU.Build.0 = Release|Any CPU
		{F53FE369-BC64-44FB-BCC3-3CDDD0B06260}.Debug|Any CPU.ActiveCfg = Debug|Any CPU
		{F53FE369-BC64-44FB-BCC3-3CDDD0B06260}.Debug|Any CPU.Build.0 = Debug|Any CPU
		{F53FE369-BC64-44FB-BCC3-3CDDD0B06260}.Release|Any CPU.ActiveCfg = Release|Any CPU
		{F53FE369-BC64-44FB-BCC3-3CDDD0B06260}.Release|Any CPU.Build.0 = Release|Any CPU
		{D2E47257-9D65-4540-8B69-B92CBAE6D4D0}.Debug|Any CPU.ActiveCfg = Debug|Any CPU
		{D2E47257-9D65-4540-8B69-B92CBAE6D4D0}.Debug|Any CPU.Build.0 = Debug|Any CPU
		{D2E47257-9D65-4540-8B69-B92CBAE6D4D0}.Release|Any CPU.ActiveCfg = Release|Any CPU
		{D2E47257-9D65-4540-8B69-B92CBAE6D4D0}.Release|Any CPU.Build.0 = Release|Any CPU
		{CFD039BE-4C4F-44A2-90F4-CA1167031484}.Debug|Any CPU.ActiveCfg = Debug|Any CPU
		{CFD039BE-4C4F-44A2-90F4-CA1167031484}.Debug|Any CPU.Build.0 = Debug|Any CPU
		{CFD039BE-4C4F-44A2-90F4-CA1167031484}.Release|Any CPU.ActiveCfg = Release|Any CPU
		{CFD039BE-4C4F-44A2-90F4-CA1167031484}.Release|Any CPU.Build.0 = Release|Any CPU
	EndGlobalSection
	GlobalSection(SolutionProperties) = preSolution
		HideSolutionNode = FALSE
	EndGlobalSection
	GlobalSection(ExtensibilityGlobals) = postSolution
		SolutionGuid = {41EBF481-EF48-456A-865B-889B0CDAAA03}
	EndGlobalSection
EndGlobal
